
Microsoft Visual Studio Solution File, Format Version 12.00
# Visual Studio 2017
Project("{FAE04EC0-301F-11D3-BF4B-00C04F79EFBC}") = "Evolutor.Plugins", "Evolutor.Plugins.csproj", "{F0948CD0-00AC-8354-E5E1-8B2FEECA8DF1}"
EndProject
Project("{FAE04EC0-301F-11D3-BF4B-00C04F79EFBC}") = "Evolutor", "Evolutor.csproj", "{12208BE5-03A5-3C9A-FF79-EF2BCEAAFCE8}"
EndProject
Project("{FAE04EC0-301F-11D3-BF4B-00C04F79EFBC}") = "Evolutor.Editor.Plugins", "Evolutor.Editor.Plugins.csproj", "{47B0FED0-DA87-3EC4-DA2F-8ED7A83A3653}"
EndProject
Global
	GlobalSection(SolutionConfigurationPlatforms) = preSolution
		Debug|Any CPU = Debug|Any CPU
		Release|Any CPU = Release|Any CPU
	EndGlobalSection
	GlobalSection(ProjectConfigurationPlatforms) = postSolution
		{F0948CD0-00AC-8354-E5E1-8B2FEECA8DF1}.Debug|Any CPU.ActiveCfg = Debug|Any CPU
		{F0948CD0-00AC-8354-E5E1-8B2FEECA8DF1}.Debug|Any CPU.Build.0 = Debug|Any CPU
		{F0948CD0-00AC-8354-E5E1-8B2FEECA8DF1}.Release|Any CPU.ActiveCfg = Release|Any CPU
		{F0948CD0-00AC-8354-E5E1-8B2FEECA8DF1}.Release|Any CPU.Build.0 = Release|Any CPU
		{12208BE5-03A5-3C9A-FF79-EF2BCEAAFCE8}.Debug|Any CPU.ActiveCfg = Debug|Any CPU
		{12208BE5-03A5-3C9A-FF79-EF2BCEAAFCE8}.Debug|Any CPU.Build.0 = Debug|Any CPU
		{12208BE5-03A5-3C9A-FF79-EF2BCEAAFCE8}.Release|Any CPU.ActiveCfg = Release|Any CPU
		{12208BE5-03A5-3C9A-FF79-EF2BCEAAFCE8}.Release|Any CPU.Build.0 = Release|Any CPU
		{47B0FED0-DA87-3EC4-DA2F-8ED7A83A3653}.Debug|Any CPU.ActiveCfg = Debug|Any CPU
		{47B0FED0-DA87-3EC4-DA2F-8ED7A83A3653}.Debug|Any CPU.Build.0 = Debug|Any CPU
		{47B0FED0-DA87-3EC4-DA2F-8ED7A83A3653}.Release|Any CPU.ActiveCfg = Release|Any CPU
		{47B0FED0-DA87-3EC4-DA2F-8ED7A83A3653}.Release|Any CPU.Build.0 = Release|Any CPU
	EndGlobalSection
	GlobalSection(SolutionProperties) = preSolution
		HideSolutionNode = FALSE
	EndGlobalSection
EndGlobal
