
Microsoft Visual Studio Solution File, Format Version 11.00
# Visual Studio 2010
Project("{FAE04EC0-301F-11D3-BF4B-00C04F79EFBC}") = "Evolutor", "Assembly-CSharp.csproj", "{74B6E0E9-1EC1-67C9-5787-B6F6CF248FF8}"
EndProject
Project("{FAE04EC0-301F-11D3-BF4B-00C04F79EFBC}") = "Evolutor", "Assembly-CSharp-firstpass.csproj", "{5A071AF8-1BEE-8E3E-B9F2-4C960CCFA368}"
EndProject
Project("{FAE04EC0-301F-11D3-BF4B-00C04F79EFBC}") = "Evolutor", "Assembly-CSharp-Editor.csproj", "{E2498CBA-27E3-5863-492E-87C21EBF9815}"
EndProject
Project("{FAE04EC0-301F-11D3-BF4B-00C04F79EFBC}") = "Evolutor", "Assembly-CSharp-Editor-firstpass.csproj", "{24E2C1E9-6E52-73B9-E4D1-9489BF16B155}"
EndProject
Global
	GlobalSection(SolutionConfigurationPlatforms) = preSolution
		Debug|Any CPU = Debug|Any CPU
		Release|Any CPU = Release|Any CPU
	EndGlobalSection
	GlobalSection(ProjectConfigurationPlatforms) = postSolution
		{74B6E0E9-1EC1-67C9-5787-B6F6CF248FF8}.Debug|Any CPU.ActiveCfg = Debug|Any CPU
		{74B6E0E9-1EC1-67C9-5787-B6F6CF248FF8}.Debug|Any CPU.Build.0 = Debug|Any CPU
		{74B6E0E9-1EC1-67C9-5787-B6F6CF248FF8}.Release|Any CPU.ActiveCfg = Release|Any CPU
		{74B6E0E9-1EC1-67C9-5787-B6F6CF248FF8}.Release|Any CPU.Build.0 = Release|Any CPU
		{5A071AF8-1BEE-8E3E-B9F2-4C960CCFA368}.Debug|Any CPU.ActiveCfg = Debug|Any CPU
		{5A071AF8-1BEE-8E3E-B9F2-4C960CCFA368}.Debug|Any CPU.Build.0 = Debug|Any CPU
		{5A071AF8-1BEE-8E3E-B9F2-4C960CCFA368}.Release|Any CPU.ActiveCfg = Release|Any CPU
		{5A071AF8-1BEE-8E3E-B9F2-4C960CCFA368}.Release|Any CPU.Build.0 = Release|Any CPU
		{E2498CBA-27E3-5863-492E-87C21EBF9815}.Debug|Any CPU.ActiveCfg = Debug|Any CPU
		{E2498CBA-27E3-5863-492E-87C21EBF9815}.Debug|Any CPU.Build.0 = Debug|Any CPU
		{E2498CBA-27E3-5863-492E-87C21EBF9815}.Release|Any CPU.ActiveCfg = Release|Any CPU
		{E2498CBA-27E3-5863-492E-87C21EBF9815}.Release|Any CPU.Build.0 = Release|Any CPU
		{24E2C1E9-6E52-73B9-E4D1-9489BF16B155}.Debug|Any CPU.ActiveCfg = Debug|Any CPU
		{24E2C1E9-6E52-73B9-E4D1-9489BF16B155}.Debug|Any CPU.Build.0 = Debug|Any CPU
		{24E2C1E9-6E52-73B9-E4D1-9489BF16B155}.Release|Any CPU.ActiveCfg = Release|Any CPU
		{24E2C1E9-6E52-73B9-E4D1-9489BF16B155}.Release|Any CPU.Build.0 = Release|Any CPU
	EndGlobalSection
	GlobalSection(SolutionProperties) = preSolution
		HideSolutionNode = FALSE
	EndGlobalSection
	GlobalSection(MonoDevelopProperties) = preSolution
		StartupItem = Assembly-CSharp.csproj
	EndGlobalSection
EndGlobal
