
Microsoft Visual Studio Solution File, Format Version 11.00
# Visual Studio 2010
Project("{FAE04EC0-301F-11D3-BF4B-00C04F79EFBC}") = "Tribus", "Assembly-CSharp.csproj", "{33C3E1EA-306F-E344-836D-FF89DD056833}"
EndProject
Project("{FAE04EC0-301F-11D3-BF4B-00C04F79EFBC}") = "Tribus", "Assembly-CSharp-Editor.csproj", "{A2EDDDDE-39A9-8E7D-0F72-431C4864FE42}"
EndProject
Project("{FAE04EC0-301F-11D3-BF4B-00C04F79EFBC}") = "Tribus", "Assembly-CSharp-firstpass.csproj", "{90996FC5-4D66-B848-674D-034C8A340A79}"
EndProject
Global
	GlobalSection(SolutionConfigurationPlatforms) = preSolution
		Debug|Any CPU = Debug|Any CPU
		Release|Any CPU = Release|Any CPU
	EndGlobalSection
	GlobalSection(ProjectConfigurationPlatforms) = postSolution
		{33C3E1EA-306F-E344-836D-FF89DD056833}.Debug|Any CPU.ActiveCfg = Debug|Any CPU
		{33C3E1EA-306F-E344-836D-FF89DD056833}.Debug|Any CPU.Build.0 = Debug|Any CPU
		{33C3E1EA-306F-E344-836D-FF89DD056833}.Release|Any CPU.ActiveCfg = Release|Any CPU
		{33C3E1EA-306F-E344-836D-FF89DD056833}.Release|Any CPU.Build.0 = Release|Any CPU
		{A2EDDDDE-39A9-8E7D-0F72-431C4864FE42}.Debug|Any CPU.ActiveCfg = Debug|Any CPU
		{A2EDDDDE-39A9-8E7D-0F72-431C4864FE42}.Debug|Any CPU.Build.0 = Debug|Any CPU
		{A2EDDDDE-39A9-8E7D-0F72-431C4864FE42}.Release|Any CPU.ActiveCfg = Release|Any CPU
		{A2EDDDDE-39A9-8E7D-0F72-431C4864FE42}.Release|Any CPU.Build.0 = Release|Any CPU
		{90996FC5-4D66-B848-674D-034C8A340A79}.Debug|Any CPU.ActiveCfg = Debug|Any CPU
		{90996FC5-4D66-B848-674D-034C8A340A79}.Debug|Any CPU.Build.0 = Debug|Any CPU
		{90996FC5-4D66-B848-674D-034C8A340A79}.Release|Any CPU.ActiveCfg = Release|Any CPU
		{90996FC5-4D66-B848-674D-034C8A340A79}.Release|Any CPU.Build.0 = Release|Any CPU
	EndGlobalSection
	GlobalSection(SolutionProperties) = preSolution
		HideSolutionNode = FALSE
	EndGlobalSection
	GlobalSection(MonoDevelopProperties) = preSolution
		StartupItem = Assembly-CSharp.csproj
	EndGlobalSection
EndGlobal
